
Microsoft Visual Studio Solution File, Format Version 12.00
# Visual Studio Version 17
VisualStudioVersion = 17.0.32112.339
MinimumVisualStudioVersion = 10.0.40219.1
Project("{8BC9CEB8-8B4A-11D0-8D11-00A0C91BC942}") = "20220520", "20220520.vcxproj", "{756497CA-103B-428F-A809-4517A9126C62}"
EndProject
Global
	GlobalSection(SolutionConfigurationPlatforms) = preSolution
		Debug|x64 = Debug|x64
		Debug|x86 = Debug|x86
		Release|x64 = Release|x64
		Release|x86 = Release|x86
	EndGlobalSection
	GlobalSection(ProjectConfigurationPlatforms) = postSolution
		{756497CA-103B-428F-A809-4517A9126C62}.Debug|x64.ActiveCfg = Debug|x64
		{756497CA-103B-428F-A809-4517A9126C62}.Debug|x64.Build.0 = Debug|x64
		{756497CA-103B-428F-A809-4517A9126C62}.Debug|x86.ActiveCfg = Debug|Win32
		{756497CA-103B-428F-A809-4517A9126C62}.Debug|x86.Build.0 = Debug|Win32
		{756497CA-103B-428F-A809-4517A9126C62}.Release|x64.ActiveCfg = Release|x64
		{756497CA-103B-428F-A809-4517A9126C62}.Release|x64.Build.0 = Release|x64
		{756497CA-103B-428F-A809-4517A9126C62}.Release|x86.ActiveCfg = Release|Win32
		{756497CA-103B-428F-A809-4517A9126C62}.Release|x86.Build.0 = Release|Win32
	EndGlobalSection
	GlobalSection(SolutionProperties) = preSolution
		HideSolutionNode = FALSE
	EndGlobalSection
	GlobalSection(ExtensibilityGlobals) = postSolution
		SolutionGuid = {9054D055-42EE-4132-8AB7-199379BFC030}
	EndGlobalSection
EndGlobal
