
Microsoft Visual Studio Solution File, Format Version 12.00
# Visual Studio Version 17
VisualStudioVersion = 17.0.32112.339
MinimumVisualStudioVersion = 10.0.40219.1
Project("{8BC9CEB8-8B4A-11D0-8D11-00A0C91BC942}") = "c课设", "c课设.vcxproj", "{EEFC5C98-F7B6-4560-B7CF-F5147F4AC768}"
EndProject
Global
	GlobalSection(SolutionConfigurationPlatforms) = preSolution
		Debug|x64 = Debug|x64
		Debug|x86 = Debug|x86
		Release|x64 = Release|x64
		Release|x86 = Release|x86
	EndGlobalSection
	GlobalSection(ProjectConfigurationPlatforms) = postSolution
		{EEFC5C98-F7B6-4560-B7CF-F5147F4AC768}.Debug|x64.ActiveCfg = Debug|x64
		{EEFC5C98-F7B6-4560-B7CF-F5147F4AC768}.Debug|x64.Build.0 = Debug|x64
		{EEFC5C98-F7B6-4560-B7CF-F5147F4AC768}.Debug|x86.ActiveCfg = Debug|Win32
		{EEFC5C98-F7B6-4560-B7CF-F5147F4AC768}.Debug|x86.Build.0 = Debug|Win32
		{EEFC5C98-F7B6-4560-B7CF-F5147F4AC768}.Release|x64.ActiveCfg = Release|x64
		{EEFC5C98-F7B6-4560-B7CF-F5147F4AC768}.Release|x64.Build.0 = Release|x64
		{EEFC5C98-F7B6-4560-B7CF-F5147F4AC768}.Release|x86.ActiveCfg = Release|Win32
		{EEFC5C98-F7B6-4560-B7CF-F5147F4AC768}.Release|x86.Build.0 = Release|Win32
	EndGlobalSection
	GlobalSection(SolutionProperties) = preSolution
		HideSolutionNode = FALSE
	EndGlobalSection
	GlobalSection(ExtensibilityGlobals) = postSolution
		SolutionGuid = {DD69B5CB-02B7-4742-9797-3ED21E77BFE3}
	EndGlobalSection
EndGlobal
